
Microsoft Visual Studio Solution File, Format Version 12.00
# Visual Studio Version 17
VisualStudioVersion = 17.9.34728.123
MinimumVisualStudioVersion = 10.0.40219.1
Project("{FAE04EC0-301F-11D3-BF4B-00C04F79EFBC}") = "Limbo-Bot-Casino", "Limbo-Bot-Casino\Limbo-Hack.csproj", "{576CD124-04E3-4253-B0BD-27FBBACD4B9D}"
EndProject
Global
	GlobalSection(SolutionConfigurationPlatforms) = preSolution
		Debug|Any CPU = Debug|Any CPU
		Release|Any CPU = Release|Any CPU
	EndGlobalSection
	GlobalSection(ProjectConfigurationPlatforms) = postSolution
		{576CD124-04E3-4253-B0BD-27FBBACD4B9D}.Debug|Any CPU.ActiveCfg = Debug|Any CPU
		{576CD124-04E3-4253-B0BD-27FBBACD4B9D}.Debug|Any CPU.Build.0 = Debug|Any CPU
		{576CD124-04E3-4253-B0BD-27FBBACD4B9D}.Release|Any CPU.ActiveCfg = Release|Any CPU
		{576CD124-04E3-4253-B0BD-27FBBACD4B9D}.Release|Any CPU.Build.0 = Release|Any CPU
	EndGlobalSection
	GlobalSection(SolutionProperties) = preSolution
		HideSolutionNode = FALSE
	EndGlobalSection
	GlobalSection(ExtensibilityGlobals) = postSolution
		SolutionGuid = {4259F5C0-4BC1-45A4-A40A-AF8B78DC2316}
	EndGlobalSection
EndGlobal
